
Microsoft Visual Studio Solution File, Format Version 12.00
# Visual Studio Version 17
VisualStudioVersion = 17.3.32819.101
MinimumVisualStudioVersion = 10.0.40219.1
Project("{2150E333-8FDC-42A3-9474-1A3956D46DE8}") = "src", "src", "{F9E51E1E-73C6-4768-809A-B5B81BCB851D}"
EndProject
Project("{9A19103F-16F7-4668-BE54-9A1E7A4F7556}") = "MovieClubClient", "src\MovieClubClient\MovieClubClient.csproj", "{097D7311-76B1-430B-B85F-851948D1CC5E}"
EndProject
Project("{9A19103F-16F7-4668-BE54-9A1E7A4F7556}") = "ApiClientGenerator", "src\ApiClientGenerator\ApiClientGenerator.csproj", "{190FB3BF-A361-46FD-9C2E-39A9A33AEA86}"
EndProject
Global
	GlobalSection(SolutionConfigurationPlatforms) = preSolution
		Debug|Any CPU = Debug|Any CPU
		Release|Any CPU = Release|Any CPU
	EndGlobalSection
	GlobalSection(ProjectConfigurationPlatforms) = postSolution
		{097D7311-76B1-430B-B85F-851948D1CC5E}.Debug|Any CPU.ActiveCfg = Debug|Any CPU
		{097D7311-76B1-430B-B85F-851948D1CC5E}.Debug|Any CPU.Build.0 = Debug|Any CPU
		{097D7311-76B1-430B-B85F-851948D1CC5E}.Release|Any CPU.ActiveCfg = Release|Any CPU
		{097D7311-76B1-430B-B85F-851948D1CC5E}.Release|Any CPU.Build.0 = Release|Any CPU
		{190FB3BF-A361-46FD-9C2E-39A9A33AEA86}.Debug|Any CPU.ActiveCfg = Debug|Any CPU
		{190FB3BF-A361-46FD-9C2E-39A9A33AEA86}.Debug|Any CPU.Build.0 = Debug|Any CPU
		{190FB3BF-A361-46FD-9C2E-39A9A33AEA86}.Release|Any CPU.ActiveCfg = Release|Any CPU
		{190FB3BF-A361-46FD-9C2E-39A9A33AEA86}.Release|Any CPU.Build.0 = Release|Any CPU
	EndGlobalSection
	GlobalSection(SolutionProperties) = preSolution
		HideSolutionNode = FALSE
	EndGlobalSection
	GlobalSection(NestedProjects) = preSolution
		{097D7311-76B1-430B-B85F-851948D1CC5E} = {F9E51E1E-73C6-4768-809A-B5B81BCB851D}
		{190FB3BF-A361-46FD-9C2E-39A9A33AEA86} = {F9E51E1E-73C6-4768-809A-B5B81BCB851D}
	EndGlobalSection
	GlobalSection(ExtensibilityGlobals) = postSolution
		SolutionGuid = {EE0AF91C-E5A5-44D2-97E8-3E82F54853A8}
	EndGlobalSection
EndGlobal
